
Microsoft Visual Studio Solution File, Format Version 12.00
# Visual Studio Version 16
VisualStudioVersion = 16.0.29613.14
MinimumVisualStudioVersion = 10.0.40219.1
Project("{FAE04EC0-301F-11D3-BF4B-00C04F79EFBC}") = "BankApp", "BankApp\BankApp.csproj", "{A76CEF90-D2C7-40E9-93B8-3BDB30D0605C}"
EndProject
Project("{2150E333-8FDC-42A3-9474-1A3956D46DE8}") = "Solution Items", "Solution Items", "{BE08A8AF-D926-4A12-8C13-198D3959C937}"
	ProjectSection(SolutionItems) = preProject
		.editorconfig = .editorconfig
	EndProjectSection
EndProject
Global
	GlobalSection(SolutionConfigurationPlatforms) = preSolution
		Debug|Any CPU = Debug|Any CPU
		Release|Any CPU = Release|Any CPU
	EndGlobalSection
	GlobalSection(ProjectConfigurationPlatforms) = postSolution
		{A76CEF90-D2C7-40E9-93B8-3BDB30D0605C}.Debug|Any CPU.ActiveCfg = Debug|Any CPU
		{A76CEF90-D2C7-40E9-93B8-3BDB30D0605C}.Debug|Any CPU.Build.0 = Debug|Any CPU
		{A76CEF90-D2C7-40E9-93B8-3BDB30D0605C}.Release|Any CPU.ActiveCfg = Release|Any CPU
		{A76CEF90-D2C7-40E9-93B8-3BDB30D0605C}.Release|Any CPU.Build.0 = Release|Any CPU
	EndGlobalSection
	GlobalSection(SolutionProperties) = preSolution
		HideSolutionNode = FALSE
	EndGlobalSection
	GlobalSection(ExtensibilityGlobals) = postSolution
		SolutionGuid = {1D84F676-C358-4D89-ABFB-142FF067597A}
	EndGlobalSection
EndGlobal
